{
  "version": 4,
  "terraform_version": "1.2.9",
  "serial": 3,
  "lineage": "bbc9f9a2-6dda-f883-b458-ee2cd36a30c5",
  "outputs": {},
  "resources": [
    {
      "mode": "managed",
      "type": "google_container_cluster",
      "name": "internal-cluster-dr",
      "provider": "provider[\"registry.terraform.io/hashicorp/google\"]",
      "instances": [
        {
          "schema_version": 1,
          "attributes": {
            "addons_config": [
              {
                "cloudrun_config": [],
                "dns_cache_config": [
                  {
                    "enabled": false
                  }
                ],
                "gce_persistent_disk_csi_driver_config": [
                  {
                    "enabled": true
                  }
                ],
                "gcp_filestore_csi_driver_config": [],
                "horizontal_pod_autoscaling": [
                  {
                    "disabled": false
                  }
                ],
                "http_load_balancing": [
                  {
                    "disabled": false
                  }
                ],
                "network_policy_config": [
                  {
                    "disabled": true
                  }
                ]
              }
            ],
            "authenticator_groups_config": [],
            "binary_authorization": [
              {
                "enabled": false,
                "evaluation_mode": ""
              }
            ],
            "cluster_autoscaling": [
              {
                "auto_provisioning_defaults": [],
                "enabled": false,
                "resource_limits": []
              }
            ],
            "cluster_ipv4_cidr": "172.20.20.0/22",
            "confidential_nodes": [],
            "database_encryption": [
              {
                "key_name": "",
                "state": "DECRYPTED"
              }
            ],
            "datapath_provider": "",
            "default_max_pods_per_node": 110,
            "default_snat_status": [
              {
                "disabled": false
              }
            ],
            "description": "",
            "dns_config": [],
            "enable_autopilot": false,
            "enable_binary_authorization": false,
            "enable_intranode_visibility": false,
            "enable_kubernetes_alpha": false,
            "enable_legacy_abac": false,
            "enable_shielded_nodes": true,
            "enable_tpu": false,
            "endpoint": "34.176.209.40",
            "id": "projects/br-chek-prod/locations/southamerica-west1/clusters/internal-cluster-dr",
            "initial_node_count": 1,
            "ip_allocation_policy": [
              {
                "cluster_ipv4_cidr_block": "172.20.20.0/22",
                "cluster_secondary_range_name": "range-pods",
                "services_ipv4_cidr_block": "172.20.24.0/26",
                "services_secondary_range_name": "range-services"
              }
            ],
            "label_fingerprint": "a9dc16a7",
            "location": "southamerica-west1",
            "logging_config": [
              {
                "enable_components": []
              }
            ],
            "logging_service": "none",
            "maintenance_policy": [
              {
                "daily_maintenance_window": [],
                "maintenance_exclusion": [],
                "recurring_window": [
                  {
                    "end_time": "2022-09-08T11:00:00Z",
                    "recurrence": "FREQ=WEEKLY;BYDAY=MO,TU,WE,TH",
                    "start_time": "2022-09-08T07:00:00Z"
                  }
                ]
              }
            ],
            "master_auth": [
              {
                "client_certificate": "",
                "client_certificate_config": [
                  {
                    "issue_client_certificate": false
                  }
                ],
                "client_key": "",
                "cluster_ca_certificate": "LS0tLS1CRUdJTiBDRVJUSUZJQ0FURS0tLS0tCk1JSUVMRENDQXBTZ0F3SUJBZ0lRT1dIVEN0NGE1Q25BSmhOMFVjeEt1VEFOQmdrcWhraUc5dzBCQVFzRkFEQXYKTVMwd0t3WURWUVFERXlReE5tRXdNakU1WkMwMVpXVmxMVFE0T0RRdFlqVm1NUzB6TTJJM1ltRmhZV1ZpTmpjdwpJQmNOTWpJd09USXlNVGd4TXpJNFdoZ1BNakExTWpBNU1UUXhPVEV6TWpoYU1DOHhMVEFyQmdOVkJBTVRKREUyCllUQXlNVGxrTFRWbFpXVXRORGc0TkMxaU5XWXhMVE16WWpkaVlXRmhaV0kyTnpDQ0FhSXdEUVlKS29aSWh2Y04KQVFFQkJRQURnZ0dQQURDQ0FZb0NnZ0dCQUpFWXNKa1h4L1YxWm9nS09PaDh2UFFTbml3ei84emNzaGdydjlOSQpRTVdjTGN4amo4eTB1cmg1UEEvbG9YbktBN0J3bWxNYnBXbEgrYVFuMENuN092OUtVM0hsSU9jdmlmWVJFUitPCmZWY2ZUdDVWVU85WEFjdFNjWDJFZkpmS3AzT09FSVJvdHE4SGlhSkdnbFU5SG5oVmJJbVpGclVLZjF2d09rUlYKaEJZaXU0TnRZTWxGbUd6cmxCVXZNWS8welZEaUJ2VkhBb1BZbHV0MHVwNGwwRmdZc2lGUyt0S0J5MFJDRk1HRQpTRmJmcEpUbTVUcnJGK2lRbTNxQkJHUFpPTnZSclBOZjJTOWY3amY5dVZmSWcyTktMNnBjREluZjFDbFZnRWRECkdVTmg0akcxM2FieFl0MEx0VTdtYjh5S2YzN2RadXNMZTJjSmRDVzh3WmVrMkt2SnQ0N2xvMTFnaUk1ZnpJVTEKbGxuNVRPaDBodFlDZ08wVXd3RjBtZUJ6SUppVGp4M2h6c2EyNXJuV3pQUkN2bGovREVDSXZ0MXhxakNpT1FYWQpVaVhvZS81ZWprREg0L1Fqb1VpaHg3UExjK0lRVmlSYnNEVWlmMHRrL0N6U0pXdUxLQ3pMckxXcVltL2FlbjkyCmYwOWlIM3NNOVFvbkNBakxEb0RDbnRTd0ZRSURBUUFCbzBJd1FEQU9CZ05WSFE4QkFmOEVCQU1DQWdRd0R3WUQKVlIwVEFRSC9CQVV3QXdFQi96QWRCZ05WSFE0RUZnUVVvcmF4WmdYQUNqVUVOQUk5emdUbWwzL2c2OWN3RFFZSgpLb1pJaHZjTkFRRUxCUUFEZ2dHQkFIbkRxWXJCYndMb1pGbFdPb2FIbVdwRHRFTll5Q1V6T0c4R2dvQi9LRHBTCm9yYmQ0ZG5qSjFlWG13VHlwK3M5Y3ZEUXJDaUxtaktVb2dsZTdSeHdybEZqTTlNMU5RVFp6R09lRHFkelZhRkQKOXdXOG9SMlo3NHpTRFhPOTAyOTVyZDhaa0YrcS9VNVcyNHlRa25keG9ya2p1M2dlTnlZWVVGSG9RN1RUYnJWTApBdjJOcnJLZDQveUZ6T09yVTZmMWtISFZobDZ0VzhxWExoc0VvcDdURThZdG43Wjh3Yzh1SFp6RVd4WW1sck5ECjMyQVpZbXR5TUs1NktoWWR6NVhjNjdqY2NIQ2hJNHpUeTdvbnhWMGIvRVhkZ3M1LzgwQ3JWelgrODJYOGZ3YXAKdS92cm80blR0bktMT3g5VG11MTBxUjdYTTB4WFY3dkJUT2VPYU9nZkwvcXJUYUVvR3JRWmIwWEtiYWMxbVNWNQpiZlZSWXFPNlgwUCtOd3BLVkREdGJMY0RMaCtRNDJ6NysyL2Frb0w4ajBUNUVoWE1WcmNUMnFhbTg5ZE12K3lXCjE5QXpzZ1p5S0s0RTF3aWJtVS9OT2lncXoxdEF5RnpGMjFoMzZZREx2YVNieDFFSnA3am1EYldrSnc3RGJUL2EKbmJNQ051Uk54R3lwS3cwUDdzK2dFUT09Ci0tLS0tRU5EIENFUlRJRklDQVRFLS0tLS0K"
              }
            ],
            "master_authorized_networks_config": [],
            "master_version": "1.22.12-gke.500",
            "mesh_certificates": [],
            "min_master_version": "1.22.12-gke.500",
            "monitoring_config": [
              {
                "enable_components": []
              }
            ],
            "monitoring_service": "none",
            "name": "internal-cluster-dr",
            "network": "projects/bancoripley-vpn/global/networks/shared-net",
            "network_policy": [
              {
                "enabled": false,
                "provider": "PROVIDER_UNSPECIFIED"
              }
            ],
            "networking_mode": "VPC_NATIVE",
            "node_config": [],
            "node_locations": [
              "southamerica-west1-a",
              "southamerica-west1-b",
              "southamerica-west1-c"
            ],
            "node_pool": [],
            "node_version": "1.22.12-gke.500",
            "notification_config": [
              {
                "pubsub": [
                  {
                    "enabled": false,
                    "topic": ""
                  }
                ]
              }
            ],
            "operation": null,
            "private_cluster_config": [],
            "private_ipv6_google_access": "",
            "project": "br-chek-prod",
            "release_channel": [
              {
                "channel": "UNSPECIFIED"
              }
            ],
            "remove_default_node_pool": true,
            "resource_labels": null,
            "resource_usage_export_config": [],
            "self_link": "https://container.googleapis.com/v1/projects/br-chek-prod/locations/southamerica-west1/clusters/internal-cluster-dr",
            "service_external_ips_config": [
              {
                "enabled": false
              }
            ],
            "services_ipv4_cidr": "172.20.24.0/26",
            "subnetwork": "projects/bancoripley-vpn/regions/southamerica-west1/subnetworks/subnet1-chek-dr",
            "timeouts": null,
            "tpu_ipv4_cidr_block": "",
            "vertical_pod_autoscaling": [
              {
                "enabled": true
              }
            ],
            "workload_identity_config": []
          },
          "sensitive_attributes": [],
          "private": "eyJlMmJmYjczMC1lY2FhLTExZTYtOGY4OC0zNDM2M2JjN2M0YzAiOnsiY3JlYXRlIjoyNDAwMDAwMDAwMDAwLCJkZWxldGUiOjI0MDAwMDAwMDAwMDAsInJlYWQiOjI0MDAwMDAwMDAwMDAsInVwZGF0ZSI6MzYwMDAwMDAwMDAwMH0sInNjaGVtYV92ZXJzaW9uIjoiMSJ9"
        }
      ]
    },
    {
      "mode": "managed",
      "type": "google_container_node_pool",
      "name": "internal-cluster_internal-pool-1-dr",
      "provider": "provider[\"registry.terraform.io/hashicorp/google\"]",
      "instances": [
        {
          "schema_version": 1,
          "attributes": {
            "autoscaling": [],
            "cluster": "internal-cluster-dr",
            "id": "projects/br-chek-prod/locations/southamerica-west1/clusters/internal-cluster-dr/nodePools/internal-pool-1-dr",
            "initial_node_count": 1,
            "instance_group_urls": [
              "https://www.googleapis.com/compute/v1/projects/br-chek-prod/zones/southamerica-west1-a/instanceGroupManagers/gke-internal-cluster-internal-pool-1--09b653de-grp",
              "https://www.googleapis.com/compute/v1/projects/br-chek-prod/zones/southamerica-west1-b/instanceGroupManagers/gke-internal-cluster-internal-pool-1--4b0cc5ac-grp",
              "https://www.googleapis.com/compute/v1/projects/br-chek-prod/zones/southamerica-west1-c/instanceGroupManagers/gke-internal-cluster-internal-pool-1--986a675c-grp"
            ],
            "location": "southamerica-west1",
            "managed_instance_group_urls": [
              "https://www.googleapis.com/compute/v1/projects/br-chek-prod/zones/southamerica-west1-a/instanceGroups/gke-internal-cluster-internal-pool-1--09b653de-grp",
              "https://www.googleapis.com/compute/v1/projects/br-chek-prod/zones/southamerica-west1-b/instanceGroups/gke-internal-cluster-internal-pool-1--4b0cc5ac-grp",
              "https://www.googleapis.com/compute/v1/projects/br-chek-prod/zones/southamerica-west1-c/instanceGroups/gke-internal-cluster-internal-pool-1--986a675c-grp"
            ],
            "management": [
              {
                "auto_repair": true,
                "auto_upgrade": true
              }
            ],
            "max_pods_per_node": 110,
            "name": "internal-pool-1-dr",
            "name_prefix": "",
            "node_config": [
              {
                "boot_disk_kms_key": "",
                "disk_size_gb": 10,
                "disk_type": "pd-ssd",
                "gcfs_config": [],
                "guest_accelerator": [],
                "gvnic": [],
                "image_type": "COS_CONTAINERD",
                "labels": {
                  "env": "prod"
                },
                "local_ssd_count": 0,
                "machine_type": "e2-medium",
                "metadata": {
                  "disable-legacy-endpoints": "true"
                },
                "min_cpu_platform": "",
                "node_group": "",
                "oauth_scopes": [
                  "https://www.googleapis.com/auth/devstorage.read_only",
                  "https://www.googleapis.com/auth/logging.write",
                  "https://www.googleapis.com/auth/monitoring",
                  "https://www.googleapis.com/auth/service.management.readonly",
                  "https://www.googleapis.com/auth/servicecontrol",
                  "https://www.googleapis.com/auth/trace.append"
                ],
                "preemptible": false,
                "reservation_affinity": [],
                "service_account": "default",
                "shielded_instance_config": [
                  {
                    "enable_integrity_monitoring": true,
                    "enable_secure_boot": true
                  }
                ],
                "spot": false,
                "tags": null,
                "taint": [],
                "workload_metadata_config": []
              }
            ],
            "node_count": 1,
            "node_locations": [
              "southamerica-west1-a",
              "southamerica-west1-b",
              "southamerica-west1-c"
            ],
            "operation": null,
            "project": "br-chek-prod",
            "timeouts": null,
            "upgrade_settings": [
              {
                "max_surge": 1,
                "max_unavailable": 0
              }
            ],
            "version": "1.22.12-gke.500"
          },
          "sensitive_attributes": [],
          "private": "eyJlMmJmYjczMC1lY2FhLTExZTYtOGY4OC0zNDM2M2JjN2M0YzAiOnsiY3JlYXRlIjoxODAwMDAwMDAwMDAwLCJkZWxldGUiOjE4MDAwMDAwMDAwMDAsInVwZGF0ZSI6MTgwMDAwMDAwMDAwMH0sInNjaGVtYV92ZXJzaW9uIjoiMSJ9",
          "dependencies": [
            "google_container_cluster.internal-cluster-dr"
          ]
        }
      ]
    }
  ]
}
