{
  "version": 4,
  "terraform_version": "1.2.9",
  "serial": 23,
  "lineage": "5c415003-aa58-c01f-a876-b32aa46c9ff5",
  "outputs": {},
  "resources": [
    {
      "mode": "managed",
      "type": "google_container_cluster",
      "name": "endpoints-cluster-dr",
      "provider": "provider[\"registry.terraform.io/hashicorp/google\"]",
      "instances": [
        {
          "schema_version": 1,
          "attributes": {
            "addons_config": [
              {
                "cloudrun_config": [],
                "dns_cache_config": [
                  {
                    "enabled": false
                  }
                ],
                "gce_persistent_disk_csi_driver_config": [
                  {
                    "enabled": true
                  }
                ],
                "gcp_filestore_csi_driver_config": [],
                "horizontal_pod_autoscaling": [
                  {
                    "disabled": false
                  }
                ],
                "http_load_balancing": [
                  {
                    "disabled": false
                  }
                ],
                "network_policy_config": [
                  {
                    "disabled": true
                  }
                ]
              }
            ],
            "authenticator_groups_config": [],
            "binary_authorization": [
              {
                "enabled": false,
                "evaluation_mode": ""
              }
            ],
            "cluster_autoscaling": [
              {
                "auto_provisioning_defaults": [],
                "enabled": false,
                "resource_limits": []
              }
            ],
            "cluster_ipv4_cidr": "172.20.32.0/20",
            "confidential_nodes": [],
            "database_encryption": [
              {
                "key_name": "",
                "state": "DECRYPTED"
              }
            ],
            "datapath_provider": "",
            "default_max_pods_per_node": 110,
            "default_snat_status": [
              {
                "disabled": false
              }
            ],
            "description": "",
            "dns_config": [],
            "enable_autopilot": false,
            "enable_binary_authorization": false,
            "enable_intranode_visibility": false,
            "enable_kubernetes_alpha": false,
            "enable_legacy_abac": false,
            "enable_shielded_nodes": true,
            "enable_tpu": false,
            "endpoint": "34.176.104.249",
            "id": "projects/br-chek-prod/locations/southamerica-west1/clusters/endpoints-cluster-dr",
            "initial_node_count": 1,
            "ip_allocation_policy": [
              {
                "cluster_ipv4_cidr_block": "172.20.32.0/20",
                "cluster_secondary_range_name": "range-pods",
                "services_ipv4_cidr_block": "172.20.18.0/26",
                "services_secondary_range_name": "range-services"
              }
            ],
            "label_fingerprint": "a9dc16a7",
            "location": "southamerica-west1",
            "logging_config": [
              {
                "enable_components": []
              }
            ],
            "logging_service": "none",
            "maintenance_policy": [],
            "master_auth": [
              {
                "client_certificate": "",
                "client_certificate_config": [
                  {
                    "issue_client_certificate": false
                  }
                ],
                "client_key": "",
                "cluster_ca_certificate": "LS0tLS1CRUdJTiBDRVJUSUZJQ0FURS0tLS0tCk1JSUVMVENDQXBXZ0F3SUJBZ0lSQUtaakRxc2lQcnBvRGJaa1p4RDlZbFl3RFFZSktvWklodmNOQVFFTEJRQXcKTHpFdE1Dc0dBMVVFQXhNa05qa3paVFpqT1RjdE9Ua3hOaTAwWXpaaExXRTBNR010WmpBNE1EUmtabVZrTXpRNApNQ0FYRFRJeU1Ea3lOekUyTkRNd01Gb1lEekl3TlRJd09URTVNVGMwTXpBd1dqQXZNUzB3S3dZRFZRUURFeVEyCk9UTmxObU01TnkwNU9URTJMVFJqTm1FdFlUUXdZeTFtTURnd05HUm1aV1F6TkRnd2dnR2lNQTBHQ1NxR1NJYjMKRFFFQkFRVUFBNElCandBd2dnR0tBb0lCZ1FDWnYwSG9FMWw4bjBRQ05YMUx6YkdwWCtHUkhMUW92OVpUUjFLdwprSjJMZ0w5YjFtWnhVOUhYU0JnM0UrSkFFM0xsMnk3M08xYVN0UG52Mys0R0Q5MWs2L1ViTmw5SFBSZ04zaVhrCitTdjVGblk1alhmK1dPb2hYL3paZ2V4R0JxMVZGeE9lQ0N0SWNNM2ZubmpULzFIQkhTczRJcndEc3RobmlzTncKc25tMDlQOUpSZExXeHVrbG5VUHRpaXVtM29xV2pqK0VyeThxZ3pzZ242M3pyZ1pDT3hpRUpEenZPQXpiaHhoQgpTV2ltc01LWUFabUFWR2huaXkzMTNOUTNFWWpVKzhIOUFWNW9aeEZvSm8xV0t4aTFzL0Eyai8vaW9sVFRNa3J2Ck9ONFErVEZCOXI5SmdOWmtMaVhYdmdCMVZicHJ5Qml0dWR0VUdNcjRaaXdjeGlJZlcvNHdEclh0VC9wZWI5RjAKZ1hkNTc5NmNtc0FsQmtvZWRYN2d1cFJtU3FHbkVKMC9VeG1STlppM0JrelJqR1VRa1ozSG5ZdmVlcXRpYXE1OQpCdHduVXZKNURaalhwaWRQV1VRRjVxT21QelRYdS9mR1VtTjArVXJrNjBuNnJQMDl2R09vTEdXbjJvMERWMzEvCkdoMndZdzVXOUZsdXc5bUYvakMvZ1ZIc1dMOENBd0VBQWFOQ01FQXdEZ1lEVlIwUEFRSC9CQVFEQWdJRU1BOEcKQTFVZEV3RUIvd1FGTUFNQkFmOHdIUVlEVlIwT0JCWUVGTk8zTHlNbE05ZTFBZ0FIVlhKWnI5Q2FQMGZQTUEwRwpDU3FHU0liM0RRRUJDd1VBQTRJQmdRQkFRU1BCeitwMlI0cW0vNzgyRTRyUGtQUTBKeDR0M3ZUSWhKcFIxblhHCk9tUkhaVXhFY1F2N0w5RWthNCtxM3NLbWpmdHM1eUd5aTRhSTJSZzYxMFd4Qk4zUDczc3IvYy8yUGxBcGVobE0KaExnam9rZitnd2pyMjJCYkxKdHdYRHJuZUVvaUpuUnpxTnNwZ1p5ZXQzT1V0UGdodWpMSmFXendnRm5aN3pleAo0ZEJ6OGRYUnFEWEh5RVdDR3RQZ1I5TVArbkZTOUJmT3VheFJSRG54NzVQQ3dzZEJaN3FYTnNyeVJ2M2U0UW9zCmlSeFlQbjkwSisrZ05CS1pHakZPelBpM29rSUhLVllrWDlDY2pLajB3TnJQRDZ0RW9kNEVqVUdRY0ZoakxIcHIKaVpVdzBTTVp3TVdHRGFuNjVxdThqdGdoQXhFaFRqd0VBQUNpaXBhKzZicmVYZGhTUTVoTUxDWTdtVFZFZXZMWgpHQVRNd1o3UnRoMkxueEJBVFlNandZemNsQ2Fkbk00NDdpVVNXY3diMjVQajFzZU83MExYRDJ4ZXZUaXZOemFNCnRQQlM3UUVaZndadnZlbDdNanlCakFpM3ZlSjRvbHRQY0xBRFc3SHprcTIvSkwyOTFUQ21JTnBZeVhtbmw5ZloKUnlBMkQxa3lyV0lvb01IVTZuNXZBcU09Ci0tLS0tRU5EIENFUlRJRklDQVRFLS0tLS0K"
              }
            ],
            "master_authorized_networks_config": [],
            "master_version": "1.22.13-gke.1000",
            "mesh_certificates": [],
            "min_master_version": "1.22.13-gke.1000",
            "monitoring_config": [
              {
                "enable_components": []
              }
            ],
            "monitoring_service": "none",
            "name": "endpoints-cluster-dr",
            "network": "projects/br-chek-prod/global/networks/br-check",
            "network_policy": [
              {
                "enabled": false,
                "provider": "PROVIDER_UNSPECIFIED"
              }
            ],
            "networking_mode": "VPC_NATIVE",
            "node_config": [
              {
                "boot_disk_kms_key": "",
                "disk_size_gb": 50,
                "disk_type": "pd-ssd",
                "gcfs_config": [],
                "guest_accelerator": [],
                "gvnic": [],
                "image_type": "COS_CONTAINERD",
                "labels": {
                  "env": "dr"
                },
                "local_ssd_count": 0,
                "machine_type": "e2-medium",
                "metadata": {
                  "disable-legacy-endpoints": "true"
                },
                "min_cpu_platform": "",
                "node_group": "",
                "oauth_scopes": [
                  "https://www.googleapis.com/auth/devstorage.read_only",
                  "https://www.googleapis.com/auth/logging.write",
                  "https://www.googleapis.com/auth/monitoring",
                  "https://www.googleapis.com/auth/service.management.readonly",
                  "https://www.googleapis.com/auth/servicecontrol",
                  "https://www.googleapis.com/auth/trace.append"
                ],
                "preemptible": false,
                "reservation_affinity": [],
                "service_account": "default",
                "shielded_instance_config": [
                  {
                    "enable_integrity_monitoring": true,
                    "enable_secure_boot": true
                  }
                ],
                "spot": false,
                "tags": [],
                "taint": [],
                "workload_metadata_config": []
              }
            ],
            "node_locations": [
              "southamerica-west1-a",
              "southamerica-west1-b",
              "southamerica-west1-c"
            ],
            "node_pool": [
              {
                "autoscaling": [],
                "initial_node_count": 0,
                "instance_group_urls": [
                  "https://www.googleapis.com/compute/v1/projects/br-chek-prod/zones/southamerica-west1-a/instanceGroupManagers/gke-endpoints-cluste-endpoints-pool-1-49d615e4-grp",
                  "https://www.googleapis.com/compute/v1/projects/br-chek-prod/zones/southamerica-west1-b/instanceGroupManagers/gke-endpoints-cluste-endpoints-pool-1-75ef0107-grp",
                  "https://www.googleapis.com/compute/v1/projects/br-chek-prod/zones/southamerica-west1-c/instanceGroupManagers/gke-endpoints-cluste-endpoints-pool-1-48e7a4ad-grp"
                ],
                "managed_instance_group_urls": [
                  "https://www.googleapis.com/compute/v1/projects/br-chek-prod/zones/southamerica-west1-a/instanceGroups/gke-endpoints-cluste-endpoints-pool-1-49d615e4-grp",
                  "https://www.googleapis.com/compute/v1/projects/br-chek-prod/zones/southamerica-west1-b/instanceGroups/gke-endpoints-cluste-endpoints-pool-1-75ef0107-grp",
                  "https://www.googleapis.com/compute/v1/projects/br-chek-prod/zones/southamerica-west1-c/instanceGroups/gke-endpoints-cluste-endpoints-pool-1-48e7a4ad-grp"
                ],
                "management": [
                  {
                    "auto_repair": true,
                    "auto_upgrade": false
                  }
                ],
                "max_pods_per_node": 110,
                "name": "endpoints-pool-1-dr",
                "name_prefix": "",
                "node_config": [
                  {
                    "boot_disk_kms_key": "",
                    "disk_size_gb": 50,
                    "disk_type": "pd-ssd",
                    "gcfs_config": [],
                    "guest_accelerator": [],
                    "gvnic": [],
                    "image_type": "COS_CONTAINERD",
                    "labels": {
                      "env": "dr"
                    },
                    "local_ssd_count": 0,
                    "machine_type": "e2-medium",
                    "metadata": {
                      "disable-legacy-endpoints": "true"
                    },
                    "min_cpu_platform": "",
                    "node_group": "",
                    "oauth_scopes": [
                      "https://www.googleapis.com/auth/devstorage.read_only",
                      "https://www.googleapis.com/auth/logging.write",
                      "https://www.googleapis.com/auth/monitoring",
                      "https://www.googleapis.com/auth/service.management.readonly",
                      "https://www.googleapis.com/auth/servicecontrol",
                      "https://www.googleapis.com/auth/trace.append"
                    ],
                    "preemptible": false,
                    "reservation_affinity": [],
                    "service_account": "default",
                    "shielded_instance_config": [
                      {
                        "enable_integrity_monitoring": true,
                        "enable_secure_boot": true
                      }
                    ],
                    "spot": false,
                    "tags": [],
                    "taint": [],
                    "workload_metadata_config": []
                  }
                ],
                "node_count": 0,
                "node_locations": [
                  "southamerica-west1-a",
                  "southamerica-west1-b",
                  "southamerica-west1-c"
                ],
                "upgrade_settings": [
                  {
                    "max_surge": 1,
                    "max_unavailable": 0
                  }
                ],
                "version": "1.22.13-gke.1000"
              }
            ],
            "node_version": "1.22.13-gke.1000",
            "notification_config": [
              {
                "pubsub": [
                  {
                    "enabled": false,
                    "topic": ""
                  }
                ]
              }
            ],
            "operation": null,
            "private_cluster_config": [],
            "private_ipv6_google_access": "",
            "project": "br-chek-prod",
            "release_channel": [
              {
                "channel": "UNSPECIFIED"
              }
            ],
            "remove_default_node_pool": true,
            "resource_labels": {},
            "resource_usage_export_config": [],
            "self_link": "https://container.googleapis.com/v1/projects/br-chek-prod/locations/southamerica-west1/clusters/endpoints-cluster-dr",
            "service_external_ips_config": [
              {
                "enabled": false
              }
            ],
            "services_ipv4_cidr": "172.20.18.0/26",
            "subnetwork": "projects/br-chek-prod/regions/southamerica-west1/subnetworks/cash-in-subnet-dr",
            "timeouts": null,
            "tpu_ipv4_cidr_block": "",
            "vertical_pod_autoscaling": [],
            "workload_identity_config": []
          },
          "sensitive_attributes": [],
          "private": "eyJlMmJmYjczMC1lY2FhLTExZTYtOGY4OC0zNDM2M2JjN2M0YzAiOnsiY3JlYXRlIjoyNDAwMDAwMDAwMDAwLCJkZWxldGUiOjI0MDAwMDAwMDAwMDAsInJlYWQiOjI0MDAwMDAwMDAwMDAsInVwZGF0ZSI6MzYwMDAwMDAwMDAwMH0sInNjaGVtYV92ZXJzaW9uIjoiMSJ9"
        }
      ]
    },
    {
      "mode": "managed",
      "type": "google_container_node_pool",
      "name": "endpoints-cluster_endpoints-pool-1-dr",
      "provider": "provider[\"registry.terraform.io/hashicorp/google\"]",
      "instances": [
        {
          "schema_version": 1,
          "attributes": {
            "autoscaling": [
              {
                "max_node_count": 2,
                "min_node_count": 1
              }
            ],
            "cluster": "endpoints-cluster-dr",
            "id": "projects/br-chek-prod/locations/southamerica-west1/clusters/endpoints-cluster-dr/nodePools/endpoints-pool-1-dr",
            "initial_node_count": 1,
            "instance_group_urls": [
              "https://www.googleapis.com/compute/v1/projects/br-chek-prod/zones/southamerica-west1-a/instanceGroupManagers/gke-endpoints-cluste-endpoints-pool-1-965b0335-grp",
              "https://www.googleapis.com/compute/v1/projects/br-chek-prod/zones/southamerica-west1-b/instanceGroupManagers/gke-endpoints-cluste-endpoints-pool-1-ea9b9aea-grp",
              "https://www.googleapis.com/compute/v1/projects/br-chek-prod/zones/southamerica-west1-c/instanceGroupManagers/gke-endpoints-cluste-endpoints-pool-1-28b315bd-grp"
            ],
            "location": "southamerica-west1",
            "managed_instance_group_urls": [
              "https://www.googleapis.com/compute/v1/projects/br-chek-prod/zones/southamerica-west1-a/instanceGroups/gke-endpoints-cluste-endpoints-pool-1-965b0335-grp",
              "https://www.googleapis.com/compute/v1/projects/br-chek-prod/zones/southamerica-west1-b/instanceGroups/gke-endpoints-cluste-endpoints-pool-1-ea9b9aea-grp",
              "https://www.googleapis.com/compute/v1/projects/br-chek-prod/zones/southamerica-west1-c/instanceGroups/gke-endpoints-cluste-endpoints-pool-1-28b315bd-grp"
            ],
            "management": [
              {
                "auto_repair": true,
                "auto_upgrade": false
              }
            ],
            "max_pods_per_node": 110,
            "name": "endpoints-pool-1-dr",
            "name_prefix": "",
            "node_config": [
              {
                "boot_disk_kms_key": "",
                "disk_size_gb": 50,
                "disk_type": "pd-ssd",
                "gcfs_config": [],
                "guest_accelerator": [],
                "gvnic": [],
                "image_type": "COS_CONTAINERD",
                "labels": {
                  "env": "dr"
                },
                "local_ssd_count": 0,
                "machine_type": "e2-medium",
                "metadata": {
                  "disable-legacy-endpoints": "true"
                },
                "min_cpu_platform": "",
                "node_group": "",
                "oauth_scopes": [
                  "https://www.googleapis.com/auth/devstorage.read_only",
                  "https://www.googleapis.com/auth/logging.write",
                  "https://www.googleapis.com/auth/monitoring",
                  "https://www.googleapis.com/auth/service.management.readonly",
                  "https://www.googleapis.com/auth/servicecontrol",
                  "https://www.googleapis.com/auth/trace.append"
                ],
                "preemptible": false,
                "reservation_affinity": [],
                "service_account": "default",
                "shielded_instance_config": [
                  {
                    "enable_integrity_monitoring": true,
                    "enable_secure_boot": true
                  }
                ],
                "spot": false,
                "tags": null,
                "taint": [],
                "workload_metadata_config": []
              }
            ],
            "node_count": 1,
            "node_locations": [
              "southamerica-west1-a",
              "southamerica-west1-b",
              "southamerica-west1-c"
            ],
            "operation": null,
            "project": "br-chek-prod",
            "timeouts": null,
            "upgrade_settings": [
              {
                "max_surge": 1,
                "max_unavailable": 0
              }
            ],
            "version": "1.22.13-gke.1000"
          },
          "sensitive_attributes": [],
          "private": "eyJlMmJmYjczMC1lY2FhLTExZTYtOGY4OC0zNDM2M2JjN2M0YzAiOnsiY3JlYXRlIjoxODAwMDAwMDAwMDAwLCJkZWxldGUiOjE4MDAwMDAwMDAwMDAsInVwZGF0ZSI6MTgwMDAwMDAwMDAwMH0sInNjaGVtYV92ZXJzaW9uIjoiMSJ9",
          "dependencies": [
            "google_container_cluster.endpoints-cluster-dr"
          ]
        }
      ]
    }
  ]
}
