{
  "version": 4,
  "terraform_version": "1.2.9",
  "serial": 4,
  "lineage": "56065c50-bb5c-92be-a02f-20f3ba61d4d1",
  "outputs": {},
  "resources": [
    {
      "mode": "managed",
      "type": "google_container_cluster",
      "name": "endpoints-cluster-prod",
      "provider": "provider[\"registry.terraform.io/hashicorp/google\"]",
      "instances": [
        {
          "schema_version": 1,
          "attributes": {
            "addons_config": [
              {
                "cloudrun_config": [],
                "dns_cache_config": [
                  {
                    "enabled": false
                  }
                ],
                "gce_persistent_disk_csi_driver_config": [
                  {
                    "enabled": true
                  }
                ],
                "gcp_filestore_csi_driver_config": [],
                "horizontal_pod_autoscaling": [
                  {
                    "disabled": false
                  }
                ],
                "http_load_balancing": [
                  {
                    "disabled": false
                  }
                ],
                "network_policy_config": [
                  {
                    "disabled": true
                  }
                ]
              }
            ],
            "authenticator_groups_config": [],
            "binary_authorization": [
              {
                "enabled": false,
                "evaluation_mode": ""
              }
            ],
            "cluster_autoscaling": [
              {
                "auto_provisioning_defaults": [],
                "enabled": false,
                "resource_limits": []
              }
            ],
            "cluster_ipv4_cidr": "172.20.0.0/20",
            "confidential_nodes": [],
            "database_encryption": [
              {
                "key_name": "",
                "state": "DECRYPTED"
              }
            ],
            "datapath_provider": "",
            "default_max_pods_per_node": 110,
            "default_snat_status": [
              {
                "disabled": false
              }
            ],
            "description": "",
            "dns_config": [],
            "enable_autopilot": false,
            "enable_binary_authorization": false,
            "enable_intranode_visibility": false,
            "enable_kubernetes_alpha": false,
            "enable_legacy_abac": false,
            "enable_shielded_nodes": true,
            "enable_tpu": false,
            "endpoint": "34.86.47.124",
            "id": "projects/br-chek-prod/locations/us-east4/clusters/endpoints-cluster-prod",
            "initial_node_count": 1,
            "ip_allocation_policy": [
              {
                "cluster_ipv4_cidr_block": "172.20.0.0/20",
                "cluster_secondary_range_name": "range-pods",
                "services_ipv4_cidr_block": "172.20.17.0/26",
                "services_secondary_range_name": "range-services"
              }
            ],
            "label_fingerprint": "a9dc16a7",
            "location": "us-east4",
            "logging_config": [
              {
                "enable_components": []
              }
            ],
            "logging_service": "none",
            "maintenance_policy": [
              {
                "daily_maintenance_window": [],
                "maintenance_exclusion": [],
                "recurring_window": [
                  {
                    "end_time": "2023-09-10T10:00:00Z",
                    "recurrence": "FREQ=WEEKLY;BYDAY=MO,TU,WE,TH",
                    "start_time": "2022-09-10T05:00:00Z"
                  }
                ]
              }
            ],
            "master_auth": [
              {
                "client_certificate": "",
                "client_certificate_config": [
                  {
                    "issue_client_certificate": false
                  }
                ],
                "client_key": "",
                "cluster_ca_certificate": "LS0tLS1CRUdJTiBDRVJUSUZJQ0FURS0tLS0tCk1JSUVMVENDQXBXZ0F3SUJBZ0lSQU5odTNuSW1FNCtKT0dMQUI5bWYrWGd3RFFZSktvWklodmNOQVFFTEJRQXcKTHpFdE1Dc0dBMVVFQXhNa016aGtPR0k0T1RBdFlqSmxPQzAwT1dJeExUbGlZemt0T1RoaVpqWTJZakF3WW1ReApNQ0FYRFRJeU1Ea3lNakV4TlRnek9Wb1lEekl3TlRJd09URTBNVEkxT0RNNVdqQXZNUzB3S3dZRFZRUURFeVF6Ck9HUTRZamc1TUMxaU1tVTRMVFE1WWpFdE9XSmpPUzA1T0dKbU5qWmlNREJpWkRFd2dnR2lNQTBHQ1NxR1NJYjMKRFFFQkFRVUFBNElCandBd2dnR0tBb0lCZ1FESDVNRVZHaEo1Z1o2QWkrUll5ZHBpcFIyN0lJMzFKN1BWYzcwMgpQS0lyajBqZU01N3hFMFptT1lTOVJnbFcvZmVNa3VIODg3N1MxdGtTWUplZ3J2Y0Y1NXJxTEZqNDlrT1VHdENICkhINkVIYUJ1L0t3U1g2NHlocVVvNkZoK21yUTNPNTJhdVo3TW9zSWJoUW9Qd2JtZ2N1a2U1a2lMMmNjWmhKd3oKM1JQWTVUcEdPM0V6TVdNdFVXTVRQSm1hQ29aeDhNT3dORFVUNDZFNTRvdG82ZkpRR0d0cnFaU0s3QmRkQVROUQpPT0dibndzZTR2MUdiWmVvSWR1ak1RdytMMEFjaVU3a2paaTZUUEQyM2R5Q1VkL0hhbm9IaHJjVnVEYk9qWFRoCkVaSHhCZFYxWGRWeGdSeU9veXMyaWtVTFRUM1dxUVdoS1NpTmRvK1M1ZGo2eUF6V0Y5WWpjbzhWZjloaU9FZFoKTmcxZFNIN2lYcDZpQ3A0UmZjalVJOHh2L2dwdWJuM0xsN2V4RWlneXhhOEN1OWswYXBzblRSOFNuZWVLenFzRgpiUHNiNVN1Wjh3ZlZxM3JWN0NVaUpSWjdFMlVDVW9LNExrMnNERm4yK3dCa2pMcFJ0Yjlyb0VEM0dHcGRTLzBLCnZTTDlXaGV0SGZGNUdzSm9ibzM0anJWbktMVUNBd0VBQWFOQ01FQXdEZ1lEVlIwUEFRSC9CQVFEQWdJRU1BOEcKQTFVZEV3RUIvd1FGTUFNQkFmOHdIUVlEVlIwT0JCWUVGTU56RnUvdTFWUUE4ay8yNit6MUVnaDFZYko1TUEwRwpDU3FHU0liM0RRRUJDd1VBQTRJQmdRQXJCMHVvYVNtSS9IZUluUlE3TUs2MWNkTjJYQTJVK0tzZVhpQ3cyTjZOClBVV0pxT2NDeWNuckpYS1p6d2pDMXR0d1l3RlFSN3p4dUoydnp0QzRqRFgrZ0lqMHFlUldFbWdJb2taWVZReUoKMXhYRTh6TDBVL3drWU9TbW1VeGZ0ZlloT1A0aDEvanZnYmhRbmlzZjlxZnJTMTZzZGtYZDRiT2VmSk5JYXd4VQpXdmh2cXpWc1FUUEdZUVJiZmU0bDRmWEFPTWpNWkdsTGdlbVZlUEZqMnUrZDRQVTNtdHkvb2VnZjViUERVSisyCkdYWnRZTitLeHZ1U1BrTjl2TFB3Zy96L3owN0tvblBJczFxZHRiQ3BvY2NQZUNyME9pZzRndEJ6cEM0MUV5ZzEKYmhLaU5tdnBRc1NCblVYMVdYYlVKNHk1UmViV0h2TS9QejhXUktqNXo1NXBEVUxHUEtnMUF2eHFhWGhFd2RPcQpQUnNoVVFUZFNTbFlYN2JKTmVpbG95Mms3TXdORjRycUFXQWozcC9sYlRhWmRqYWEwbHh3QU9NVE9IeENMWUNWCk1OTzU3Ti9QT2J0UVg1QmZCS2MyY3dQbE5qeWNXS3BSand6blVwelEvMGt4TERmR1lqcU5RVGR6RDFsUzdIVkkKOHZJa2lNSnBWZFZJU09jNFZZcVM3WDQ9Ci0tLS0tRU5EIENFUlRJRklDQVRFLS0tLS0K"
              }
            ],
            "master_authorized_networks_config": [],
            "master_version": "1.22.13-gke.1000",
            "mesh_certificates": [],
            "min_master_version": "1.22.13-gke.1000",
            "monitoring_config": [
              {
                "enable_components": []
              }
            ],
            "monitoring_service": "none",
            "name": "endpoints-cluster-prod",
            "network": "projects/br-chek-prod/global/networks/br-check",
            "network_policy": [
              {
                "enabled": false,
                "provider": "PROVIDER_UNSPECIFIED"
              }
            ],
            "networking_mode": "VPC_NATIVE",
            "node_config": [],
            "node_locations": [
              "us-east4-a",
              "us-east4-b",
              "us-east4-c"
            ],
            "node_pool": [],
            "node_version": "1.22.13-gke.1000",
            "notification_config": [
              {
                "pubsub": [
                  {
                    "enabled": false,
                    "topic": ""
                  }
                ]
              }
            ],
            "operation": null,
            "private_cluster_config": [],
            "private_ipv6_google_access": "",
            "project": "br-chek-prod",
            "release_channel": [
              {
                "channel": "UNSPECIFIED"
              }
            ],
            "remove_default_node_pool": true,
            "resource_labels": null,
            "resource_usage_export_config": [],
            "self_link": "https://container.googleapis.com/v1/projects/br-chek-prod/locations/us-east4/clusters/endpoints-cluster-prod",
            "service_external_ips_config": [
              {
                "enabled": false
              }
            ],
            "services_ipv4_cidr": "172.20.17.0/26",
            "subnetwork": "projects/br-chek-prod/regions/us-east4/subnetworks/cash-in-subnet-prod",
            "timeouts": null,
            "tpu_ipv4_cidr_block": "",
            "vertical_pod_autoscaling": [],
            "workload_identity_config": []
          },
          "sensitive_attributes": [],
          "private": "eyJlMmJmYjczMC1lY2FhLTExZTYtOGY4OC0zNDM2M2JjN2M0YzAiOnsiY3JlYXRlIjoyNDAwMDAwMDAwMDAwLCJkZWxldGUiOjI0MDAwMDAwMDAwMDAsInJlYWQiOjI0MDAwMDAwMDAwMDAsInVwZGF0ZSI6MzYwMDAwMDAwMDAwMH0sInNjaGVtYV92ZXJzaW9uIjoiMSJ9"
        }
      ]
    },
    {
      "mode": "managed",
      "type": "google_container_node_pool",
      "name": "endpoints-cluster_endpoints-pool-1-prod",
      "provider": "provider[\"registry.terraform.io/hashicorp/google\"]",
      "instances": [
        {
          "schema_version": 1,
          "attributes": {
            "autoscaling": [
              {
                "max_node_count": 2,
                "min_node_count": 1
              }
            ],
            "cluster": "endpoints-cluster-prod",
            "id": "projects/br-chek-prod/locations/us-east4/clusters/endpoints-cluster-prod/nodePools/endpoints-pool-1-prod",
            "initial_node_count": 1,
            "instance_group_urls": [
              "https://www.googleapis.com/compute/v1/projects/br-chek-prod/zones/us-east4-a/instanceGroupManagers/gke-endpoints-cluste-endpoints-pool-1-ab7a3cc4-grp",
              "https://www.googleapis.com/compute/v1/projects/br-chek-prod/zones/us-east4-b/instanceGroupManagers/gke-endpoints-cluste-endpoints-pool-1-acf88208-grp",
              "https://www.googleapis.com/compute/v1/projects/br-chek-prod/zones/us-east4-c/instanceGroupManagers/gke-endpoints-cluste-endpoints-pool-1-93672eb4-grp"
            ],
            "location": "us-east4",
            "managed_instance_group_urls": [
              "https://www.googleapis.com/compute/v1/projects/br-chek-prod/zones/us-east4-a/instanceGroups/gke-endpoints-cluste-endpoints-pool-1-ab7a3cc4-grp",
              "https://www.googleapis.com/compute/v1/projects/br-chek-prod/zones/us-east4-b/instanceGroups/gke-endpoints-cluste-endpoints-pool-1-acf88208-grp",
              "https://www.googleapis.com/compute/v1/projects/br-chek-prod/zones/us-east4-c/instanceGroups/gke-endpoints-cluste-endpoints-pool-1-93672eb4-grp"
            ],
            "management": [
              {
                "auto_repair": true,
                "auto_upgrade": false
              }
            ],
            "max_pods_per_node": 110,
            "name": "endpoints-pool-1-prod",
            "name_prefix": "",
            "node_config": [
              {
                "boot_disk_kms_key": "",
                "disk_size_gb": 50,
                "disk_type": "pd-ssd",
                "gcfs_config": [],
                "guest_accelerator": [],
                "gvnic": [],
                "image_type": "COS_CONTAINERD",
                "labels": {
                  "env": "prod"
                },
                "local_ssd_count": 0,
                "machine_type": "n1-standard-1",
                "metadata": {
                  "disable-legacy-endpoints": "true"
                },
                "min_cpu_platform": "",
                "node_group": "",
                "oauth_scopes": [
                  "https://www.googleapis.com/auth/devstorage.read_only",
                  "https://www.googleapis.com/auth/logging.write",
                  "https://www.googleapis.com/auth/monitoring",
                  "https://www.googleapis.com/auth/service.management.readonly",
                  "https://www.googleapis.com/auth/servicecontrol",
                  "https://www.googleapis.com/auth/trace.append"
                ],
                "preemptible": false,
                "reservation_affinity": [],
                "service_account": "default",
                "shielded_instance_config": [
                  {
                    "enable_integrity_monitoring": true,
                    "enable_secure_boot": true
                  }
                ],
                "spot": false,
                "tags": null,
                "taint": [],
                "workload_metadata_config": []
              }
            ],
            "node_count": 1,
            "node_locations": [
              "us-east4-a",
              "us-east4-b",
              "us-east4-c"
            ],
            "operation": null,
            "project": "br-chek-prod",
            "timeouts": null,
            "upgrade_settings": [
              {
                "max_surge": 1,
                "max_unavailable": 0
              }
            ],
            "version": "1.22.13-gke.1000"
          },
          "sensitive_attributes": [],
          "private": "eyJlMmJmYjczMC1lY2FhLTExZTYtOGY4OC0zNDM2M2JjN2M0YzAiOnsiY3JlYXRlIjoxODAwMDAwMDAwMDAwLCJkZWxldGUiOjE4MDAwMDAwMDAwMDAsInVwZGF0ZSI6MTgwMDAwMDAwMDAwMH0sInNjaGVtYV92ZXJzaW9uIjoiMSJ9",
          "dependencies": [
            "google_container_cluster.endpoints-cluster-prod"
          ]
        }
      ]
    }
  ]
}
